
Microsoft Visual Studio Solution File, Format Version 12.00
# Visual Studio Version 16
VisualStudioVersion = 16.0.31112.23
MinimumVisualStudioVersion = 10.0.40219.1
Project("{FAE04EC0-301F-11D3-BF4B-00C04F79EFBC}") = "Kill_Death-ratio oef", "Kill_Death-ratio oef\Kill_Death-ratio oef.csproj", "{DA16BD26-0054-4276-8008-1356780BD260}"
EndProject
Global
	GlobalSection(SolutionConfigurationPlatforms) = preSolution
		Debug|Any CPU = Debug|Any CPU
		Release|Any CPU = Release|Any CPU
	EndGlobalSection
	GlobalSection(ProjectConfigurationPlatforms) = postSolution
		{DA16BD26-0054-4276-8008-1356780BD260}.Debug|Any CPU.ActiveCfg = Debug|Any CPU
		{DA16BD26-0054-4276-8008-1356780BD260}.Debug|Any CPU.Build.0 = Debug|Any CPU
		{DA16BD26-0054-4276-8008-1356780BD260}.Release|Any CPU.ActiveCfg = Release|Any CPU
		{DA16BD26-0054-4276-8008-1356780BD260}.Release|Any CPU.Build.0 = Release|Any CPU
	EndGlobalSection
	GlobalSection(SolutionProperties) = preSolution
		HideSolutionNode = FALSE
	EndGlobalSection
	GlobalSection(ExtensibilityGlobals) = postSolution
		SolutionGuid = {D5B9DB0D-119B-4815-9E89-34DA5578BF5B}
	EndGlobalSection
EndGlobal
